{
  "nodes": {
    "generationTrimmer": {
      "inputs": {
        "nixpkgs": [
          "nixpkgs"
        ]
      },
      "locked": {
        "lastModified": 1758516671,
        "narHash": "sha256-y8d5ifmrZy31k/71ZBUC5GFzOKE9jQZ6HhJPhJHJBTU=",
        "owner": "nenikitov",
        "repo": "nix-generation-trimmer",
        "rev": "bd2c7cd94edf8de8182c779c0ab7e5df842bde37",
        "type": "github"
      },
      "original": {
        "owner": "nenikitov",
        "repo": "nix-generation-trimmer",
        "type": "github"
      }
    },
    "moduleUtils": {
      "inputs": {
        "nixpkgs": [
          "nixpkgs"
        ]
      },
      "locked": {
        "lastModified": 1756840588,
        "narHash": "sha256-LGwhlz8hU5BDpF58KqRCPKSlFFnWJqSHT/5M70DOeks=",
        "owner": "nenikitov",
        "repo": "nix-module-utils",
        "rev": "2ec71e6648576493d7d2da830f6961cec6f68f8e",
        "type": "github"
      },
      "original": {
        "owner": "nenikitov",
        "repo": "nix-module-utils",
        "type": "github"
      }
    },
    "nixpkgs": {
      "locked": {
        "lastModified": 1762363567,
        "narHash": "sha256-YRqMDEtSMbitIMj+JLpheSz0pwEr0Rmy5mC7myl17xs=",
        "owner": "NixOS",
        "repo": "nixpkgs",
        "rev": "ae814fd3904b621d8ab97418f1d0f2eb0d3716f4",
        "type": "github"
      },
      "original": {
        "owner": "NixOS",
        "ref": "nixos-unstable",
        "repo": "nixpkgs",
        "type": "github"
      }
    },
    "root": {
      "inputs": {
        "generationTrimmer": "generationTrimmer",
        "moduleUtils": "moduleUtils",
        "nixpkgs": "nixpkgs",
        "treefmt": "treefmt"
      }
    },
    "treefmt": {
      "inputs": {
        "nixpkgs": [
          "nixpkgs"
        ]
      },
      "locked": {
        "lastModified": 1762410071,
        "narHash": "sha256-aF5fvoZeoXNPxT0bejFUBXeUjXfHLSL7g+mjR/p5TEg=",
        "owner": "numtide",
        "repo": "treefmt-nix",
        "rev": "97a30861b13c3731a84e09405414398fbf3e109f",
        "type": "github"
      },
      "original": {
        "owner": "numtide",
        "repo": "treefmt-nix",
        "type": "github"
      }
    }
  },
  "root": "root",
  "version": 7
}
