{
  "nodes": {
    "generationTrimmer": {
      "inputs": {
        "nixpkgs": [
          "nixpkgs"
        ]
      },
      "locked": {
        "lastModified": 1758516671,
        "narHash": "sha256-y8d5ifmrZy31k/71ZBUC5GFzOKE9jQZ6HhJPhJHJBTU=",
        "owner": "nenikitov",
        "repo": "nix-generation-trimmer",
        "rev": "bd2c7cd94edf8de8182c779c0ab7e5df842bde37",
        "type": "github"
      },
      "original": {
        "owner": "nenikitov",
        "repo": "nix-generation-trimmer",
        "type": "github"
      }
    },
    "moduleUtils": {
      "inputs": {
        "nixpkgs": [
          "nixpkgs"
        ]
      },
      "locked": {
        "lastModified": 1756840588,
        "narHash": "sha256-LGwhlz8hU5BDpF58KqRCPKSlFFnWJqSHT/5M70DOeks=",
        "owner": "nenikitov",
        "repo": "nix-module-utils",
        "rev": "2ec71e6648576493d7d2da830f6961cec6f68f8e",
        "type": "github"
      },
      "original": {
        "owner": "nenikitov",
        "repo": "nix-module-utils",
        "type": "github"
      }
    },
    "nixpkgs": {
      "locked": {
        "lastModified": 1759381078,
        "narHash": "sha256-gTrEEp5gEspIcCOx9PD8kMaF1iEmfBcTbO0Jag2QhQs=",
        "owner": "NixOS",
        "repo": "nixpkgs",
        "rev": "7df7ff7d8e00218376575f0acdcc5d66741351ee",
        "type": "github"
      },
      "original": {
        "owner": "NixOS",
        "ref": "nixos-unstable",
        "repo": "nixpkgs",
        "type": "github"
      }
    },
    "root": {
      "inputs": {
        "generationTrimmer": "generationTrimmer",
        "moduleUtils": "moduleUtils",
        "nixpkgs": "nixpkgs",
        "treefmt": "treefmt"
      }
    },
    "treefmt": {
      "inputs": {
        "nixpkgs": [
          "nixpkgs"
        ]
      },
      "locked": {
        "lastModified": 1758728421,
        "narHash": "sha256-ySNJ008muQAds2JemiyrWYbwbG+V7S5wg3ZVKGHSFu8=",
        "owner": "numtide",
        "repo": "treefmt-nix",
        "rev": "5eda4ee8121f97b218f7cc73f5172098d458f1d1",
        "type": "github"
      },
      "original": {
        "owner": "numtide",
        "repo": "treefmt-nix",
        "type": "github"
      }
    }
  },
  "root": "root",
  "version": 7
}
