{
  "nodes": {
    "generationTrimmer": {
      "inputs": {
        "nixpkgs": [
          "nixpkgs"
        ]
      },
      "locked": {
        "lastModified": 1758516671,
        "narHash": "sha256-y8d5ifmrZy31k/71ZBUC5GFzOKE9jQZ6HhJPhJHJBTU=",
        "owner": "nenikitov",
        "repo": "nix-generation-trimmer",
        "rev": "bd2c7cd94edf8de8182c779c0ab7e5df842bde37",
        "type": "github"
      },
      "original": {
        "owner": "nenikitov",
        "repo": "nix-generation-trimmer",
        "type": "github"
      }
    },
    "moduleUtils": {
      "inputs": {
        "nixpkgs": [
          "nixpkgs"
        ]
      },
      "locked": {
        "lastModified": 1756840588,
        "narHash": "sha256-LGwhlz8hU5BDpF58KqRCPKSlFFnWJqSHT/5M70DOeks=",
        "owner": "nenikitov",
        "repo": "nix-module-utils",
        "rev": "2ec71e6648576493d7d2da830f6961cec6f68f8e",
        "type": "github"
      },
      "original": {
        "owner": "nenikitov",
        "repo": "nix-module-utils",
        "type": "github"
      }
    },
    "nixpkgs": {
      "locked": {
        "lastModified": 1758277210,
        "narHash": "sha256-iCGWf/LTy+aY0zFu8q12lK8KuZp7yvdhStehhyX1v8w=",
        "owner": "NixOS",
        "repo": "nixpkgs",
        "rev": "8eaee110344796db060382e15d3af0a9fc396e0e",
        "type": "github"
      },
      "original": {
        "owner": "NixOS",
        "ref": "nixos-unstable",
        "repo": "nixpkgs",
        "type": "github"
      }
    },
    "root": {
      "inputs": {
        "generationTrimmer": "generationTrimmer",
        "moduleUtils": "moduleUtils",
        "nixpkgs": "nixpkgs"
      }
    }
  },
  "root": "root",
  "version": 7
}
